
Microsoft Visual Studio Solution File, Format Version 12.00
# Visual Studio Version 17
VisualStudioVersion = 17.4.33213.308
MinimumVisualStudioVersion = 10.0.40219.1
Project("{FAE04EC0-301F-11D3-BF4B-00C04F79EFBC}") = "текстовый редактор", "текстовый редактор\текстовый редактор.csproj", "{9F0C3D56-2954-40C2-AA27-F3E462D9731F}"
EndProject
Global
	GlobalSection(SolutionConfigurationPlatforms) = preSolution
		Debug|Any CPU = Debug|Any CPU
		Release|Any CPU = Release|Any CPU
	EndGlobalSection
	GlobalSection(ProjectConfigurationPlatforms) = postSolution
		{9F0C3D56-2954-40C2-AA27-F3E462D9731F}.Debug|Any CPU.ActiveCfg = Debug|Any CPU
		{9F0C3D56-2954-40C2-AA27-F3E462D9731F}.Debug|Any CPU.Build.0 = Debug|Any CPU
		{9F0C3D56-2954-40C2-AA27-F3E462D9731F}.Release|Any CPU.ActiveCfg = Release|Any CPU
		{9F0C3D56-2954-40C2-AA27-F3E462D9731F}.Release|Any CPU.Build.0 = Release|Any CPU
	EndGlobalSection
	GlobalSection(SolutionProperties) = preSolution
		HideSolutionNode = FALSE
	EndGlobalSection
	GlobalSection(ExtensibilityGlobals) = postSolution
		SolutionGuid = {6ADADEA1-2C47-4610-AF5E-5F0C4B246367}
	EndGlobalSection
EndGlobal
